<Solution>
  <Folder Name="/benchmarks/">
    <Project Path="benchmarks/AllocProbe/AllocProbe.csproj" />
    <Project Path="benchmarks/MicroBenchmarks/MicroBenchmarks.csproj" />
  </Folder>
  <Folder Name="/src/">
    <Project Path="src/Forwarder.Core/Forwarder.Core.csproj" />
    <Project Path="src/Forwarder.Rung1.Naive/Forwarder.Rung1.Naive.csproj" />
    <Project Path="src/Forwarder.Rung2.Frugal/Forwarder.Rung2.Frugal.csproj" />
    <Project Path="src/Forwarder.Rung3.Batched/Forwarder.Rung3.Batched.csproj" />
    <Project Path="src/Forwarder.Rung3.LinuxBatched/Forwarder.Rung3.LinuxBatched.csproj" />
  </Folder>
  <Folder Name="/tools/">
    <Project Path="tools/UdpBench/UdpBench.csproj" />
  </Folder>
</Solution>
